{
  "name": "volar-issue-project-references",
  "version": "1.0.0",
  "lockfileVersion": 2,
  "requires": true,
  "packages": {
    "": {
      "name": "volar-issue-project-references",
      "version": "1.0.0",
      "license": "MIT",
      "dependencies": {
        "typescript": "^5.4.4",
        "vue": "^3.4.21",
        "vue-tsc": "^2.0.11"
      }
    },
    "node_modules/@babel/parser": {
      "version": "7.24.4",
      "resolved": "https://registry.npmjs.org/@babel/parser/-/parser-7.24.4.tgz",
      "integrity": "sha512-zTvEBcghmeBma9QIGunWevvBAp4/Qu9Bdq+2k0Ot4fVMD6v3dsC9WOcRSKk7tRRyBM/53yKMJko9xOatGQAwSg==",
      "bin": {
        "parser": "bin/babel-parser.js"
      },
      "engines": {
        "node": ">=6.0.0"
      }
    },
    "node_modules/@jridgewell/sourcemap-codec": {
      "version": "1.4.15",
      "resolved": "https://registry.npmjs.org/@jridgewell/sourcemap-codec/-/sourcemap-codec-1.4.15.tgz",
      "integrity": "sha512-eF2rxCRulEKXHTRiDrDy6erMYWqNw4LPdQ8UQA4huuxaQsVeRPFl2oM8oDGxMFhJUWZf9McpLtJasDDZb/Bpeg=="
    },
    "node_modules/@volar/language-core": {
      "version": "2.2.0-alpha.6",
      "resolved": "https://registry.npmjs.org/@volar/language-core/-/language-core-2.2.0-alpha.6.tgz",
      "integrity": "sha512-GmT28LX2w4x82uuQqNN/P94VOCsZRHBbGcGe+5bFtA2hbIbH6f8tFdMfgXFtyhbft/pj6f3xl37xe+t+nomLIA==",
      "dependencies": {
        "@volar/source-map": "2.2.0-alpha.6"
      }
    },
    "node_modules/@volar/source-map": {
      "version": "2.2.0-alpha.6",
      "resolved": "https://registry.npmjs.org/@volar/source-map/-/source-map-2.2.0-alpha.6.tgz",
      "integrity": "sha512-EztD2zoUopETY+ZCUZAGUHKgj4gOkY/2WnaOS+RSTc56xm85miSA4qOBS8Lt1Ruu5vV52WIZKHW/R9PbjkZWFA==",
      "dependencies": {
        "muggle-string": "^0.4.0"
      }
    },
    "node_modules/@volar/typescript": {
      "version": "2.2.0-alpha.6",
      "resolved": "https://registry.npmjs.org/@volar/typescript/-/typescript-2.2.0-alpha.6.tgz",
      "integrity": "sha512-wTr0jO3wVXQ9FjBbWE2iX8GgDoiHp1Nttsb+tKk5IeUUb6f1uOjyeIXuS4KfeMBpCufthRO2st2O2uatAs/UXQ==",
      "dependencies": {
        "@volar/language-core": "2.2.0-alpha.6",
        "path-browserify": "^1.0.1"
      }
    },
    "node_modules/@vue/compiler-core": {
      "version": "3.4.21",
      "resolved": "https://registry.npmjs.org/@vue/compiler-core/-/compiler-core-3.4.21.tgz",
      "integrity": "sha512-MjXawxZf2SbZszLPYxaFCjxfibYrzr3eYbKxwpLR9EQN+oaziSu3qKVbwBERj1IFIB8OLUewxB5m/BFzi613og==",
      "dependencies": {
        "@babel/parser": "^7.23.9",
        "@vue/shared": "3.4.21",
        "entities": "^4.5.0",
        "estree-walker": "^2.0.2",
        "source-map-js": "^1.0.2"
      }
    },
    "node_modules/@vue/compiler-dom": {
      "version": "3.4.21",
      "resolved": "https://registry.npmjs.org/@vue/compiler-dom/-/compiler-dom-3.4.21.tgz",
      "integrity": "sha512-IZC6FKowtT1sl0CR5DpXSiEB5ayw75oT2bma1BEhV7RRR1+cfwLrxc2Z8Zq/RGFzJ8w5r9QtCOvTjQgdn0IKmA==",
      "dependencies": {
        "@vue/compiler-core": "3.4.21",
        "@vue/shared": "3.4.21"
      }
    },
    "node_modules/@vue/compiler-sfc": {
      "version": "3.4.21",
      "resolved": "https://registry.npmjs.org/@vue/compiler-sfc/-/compiler-sfc-3.4.21.tgz",
      "integrity": "sha512-me7epoTxYlY+2CUM7hy9PCDdpMPfIwrOvAXud2Upk10g4YLv9UBW7kL798TvMeDhPthkZ0CONNrK2GoeI1ODiQ==",
      "dependencies": {
        "@babel/parser": "^7.23.9",
        "@vue/compiler-core": "3.4.21",
        "@vue/compiler-dom": "3.4.21",
        "@vue/compiler-ssr": "3.4.21",
        "@vue/shared": "3.4.21",
        "estree-walker": "^2.0.2",
        "magic-string": "^0.30.7",
        "postcss": "^8.4.35",
        "source-map-js": "^1.0.2"
      }
    },
    "node_modules/@vue/compiler-ssr": {
      "version": "3.4.21",
      "resolved": "https://registry.npmjs.org/@vue/compiler-ssr/-/compiler-ssr-3.4.21.tgz",
      "integrity": "sha512-M5+9nI2lPpAsgXOGQobnIueVqc9sisBFexh5yMIMRAPYLa7+5wEJs8iqOZc1WAa9WQbx9GR2twgznU8LTIiZ4Q==",
      "dependencies": {
        "@vue/compiler-dom": "3.4.21",
        "@vue/shared": "3.4.21"
      }
    },
    "node_modules/@vue/language-core": {
      "version": "2.0.11",
      "resolved": "https://registry.npmjs.org/@vue/language-core/-/language-core-2.0.11.tgz",
      "integrity": "sha512-5ivg8Vem/yckzXI3L3n0mdKBPRcHSlsGt6/dpbEx42PcH3MIHAjSAJBYvENXeWJxv2ClQc8BS2mH1Ho2U7jZig==",
      "dependencies": {
        "@volar/language-core": "~2.2.0-alpha.6",
        "@vue/compiler-dom": "^3.4.0",
        "@vue/shared": "^3.4.0",
        "computeds": "^0.0.1",
        "minimatch": "^9.0.3",
        "path-browserify": "^1.0.1",
        "vue-template-compiler": "^2.7.14"
      },
      "peerDependencies": {
        "typescript": "*"
      },
      "peerDependenciesMeta": {
        "typescript": {
          "optional": true
        }
      }
    },
    "node_modules/@vue/reactivity": {
      "version": "3.4.21",
      "resolved": "https://registry.npmjs.org/@vue/reactivity/-/reactivity-3.4.21.tgz",
      "integrity": "sha512-UhenImdc0L0/4ahGCyEzc/pZNwVgcglGy9HVzJ1Bq2Mm9qXOpP8RyNTjookw/gOCUlXSEtuZ2fUg5nrHcoqJcw==",
      "dependencies": {
        "@vue/shared": "3.4.21"
      }
    },
    "node_modules/@vue/runtime-core": {
      "version": "3.4.21",
      "resolved": "https://registry.npmjs.org/@vue/runtime-core/-/runtime-core-3.4.21.tgz",
      "integrity": "sha512-pQthsuYzE1XcGZznTKn73G0s14eCJcjaLvp3/DKeYWoFacD9glJoqlNBxt3W2c5S40t6CCcpPf+jG01N3ULyrA==",
      "dependencies": {
        "@vue/reactivity": "3.4.21",
        "@vue/shared": "3.4.21"
      }
    },
    "node_modules/@vue/runtime-dom": {
      "version": "3.4.21",
      "resolved": "https://registry.npmjs.org/@vue/runtime-dom/-/runtime-dom-3.4.21.tgz",
      "integrity": "sha512-gvf+C9cFpevsQxbkRBS1NpU8CqxKw0ebqMvLwcGQrNpx6gqRDodqKqA+A2VZZpQ9RpK2f9yfg8VbW/EpdFUOJw==",
      "dependencies": {
        "@vue/runtime-core": "3.4.21",
        "@vue/shared": "3.4.21",
        "csstype": "^3.1.3"
      }
    },
    "node_modules/@vue/server-renderer": {
      "version": "3.4.21",
      "resolved": "https://registry.npmjs.org/@vue/server-renderer/-/server-renderer-3.4.21.tgz",
      "integrity": "sha512-aV1gXyKSN6Rz+6kZ6kr5+Ll14YzmIbeuWe7ryJl5muJ4uwSwY/aStXTixx76TwkZFJLm1aAlA/HSWEJ4EyiMkg==",
      "dependencies": {
        "@vue/compiler-ssr": "3.4.21",
        "@vue/shared": "3.4.21"
      },
      "peerDependencies": {
        "vue": "3.4.21"
      }
    },
    "node_modules/@vue/shared": {
      "version": "3.4.21",
      "resolved": "https://registry.npmjs.org/@vue/shared/-/shared-3.4.21.tgz",
      "integrity": "sha512-PuJe7vDIi6VYSinuEbUIQgMIRZGgM8e4R+G+/dQTk0X1NEdvgvvgv7m+rfmDH1gZzyA1OjjoWskvHlfRNfQf3g=="
    },
    "node_modules/balanced-match": {
      "version": "1.0.2",
      "resolved": "https://registry.npmjs.org/balanced-match/-/balanced-match-1.0.2.tgz",
      "integrity": "sha512-3oSeUO0TMV67hN1AmbXsK4yaqU7tjiHlbxRDZOpH0KW9+CeX4bRAaX0Anxt0tx2MrpRpWwQaPwIlISEJhYU5Pw=="
    },
    "node_modules/brace-expansion": {
      "version": "2.0.1",
      "resolved": "https://registry.npmjs.org/brace-expansion/-/brace-expansion-2.0.1.tgz",
      "integrity": "sha512-XnAIvQ8eM+kC6aULx6wuQiwVsnzsi9d3WxzV3FpWTGA19F621kwdbsAcFKXgKUHZWsy+mY6iL1sHTxWEFCytDA==",
      "dependencies": {
        "balanced-match": "^1.0.0"
      }
    },
    "node_modules/computeds": {
      "version": "0.0.1",
      "resolved": "https://registry.npmjs.org/computeds/-/computeds-0.0.1.tgz",
      "integrity": "sha512-7CEBgcMjVmitjYo5q8JTJVra6X5mQ20uTThdK+0kR7UEaDrAWEQcRiBtWJzga4eRpP6afNwwLsX2SET2JhVB1Q=="
    },
    "node_modules/csstype": {
      "version": "3.1.3",
      "resolved": "https://registry.npmjs.org/csstype/-/csstype-3.1.3.tgz",
      "integrity": "sha512-M1uQkMl8rQK/szD0LNhtqxIPLpimGm8sOBwU7lLnCpSbTyY3yeU1Vc7l4KT5zT4s/yOxHH5O7tIuuLOCnLADRw=="
    },
    "node_modules/de-indent": {
      "version": "1.0.2",
      "resolved": "https://registry.npmjs.org/de-indent/-/de-indent-1.0.2.tgz",
      "integrity": "sha512-e/1zu3xH5MQryN2zdVaF0OrdNLUbvWxzMbi+iNA6Bky7l1RoP8a2fIbRocyHclXt/arDrrR6lL3TqFD9pMQTsg=="
    },
    "node_modules/entities": {
      "version": "4.5.0",
      "resolved": "https://registry.npmjs.org/entities/-/entities-4.5.0.tgz",
      "integrity": "sha512-V0hjH4dGPh9Ao5p0MoRY6BVqtwCjhz6vI5LT8AJ55H+4g9/4vbHx1I54fS0XuclLhDHArPQCiMjDxjaL8fPxhw==",
      "engines": {
        "node": ">=0.12"
      },
      "funding": {
        "url": "https://github.com/fb55/entities?sponsor=1"
      }
    },
    "node_modules/estree-walker": {
      "version": "2.0.2",
      "resolved": "https://registry.npmjs.org/estree-walker/-/estree-walker-2.0.2.tgz",
      "integrity": "sha512-Rfkk/Mp/DL7JVje3u18FxFujQlTNR2q6QfMSMB7AvCBx91NGj/ba3kCfza0f6dVDbw7YlRf/nDrn7pQrCCyQ/w=="
    },
    "node_modules/he": {
      "version": "1.2.0",
      "resolved": "https://registry.npmjs.org/he/-/he-1.2.0.tgz",
      "integrity": "sha512-F/1DnUGPopORZi0ni+CvrCgHQ5FyEAHRLSApuYWMmrbSwoN2Mn/7k+Gl38gJnR7yyDZk6WLXwiGod1JOWNDKGw==",
      "bin": {
        "he": "bin/he"
      }
    },
    "node_modules/lru-cache": {
      "version": "6.0.0",
      "resolved": "https://registry.npmjs.org/lru-cache/-/lru-cache-6.0.0.tgz",
      "integrity": "sha512-Jo6dJ04CmSjuznwJSS3pUeWmd/H0ffTlkXXgwZi+eq1UCmqQwCh+eLsYOYCwY991i2Fah4h1BEMCx4qThGbsiA==",
      "dependencies": {
        "yallist": "^4.0.0"
      },
      "engines": {
        "node": ">=10"
      }
    },
    "node_modules/magic-string": {
      "version": "0.30.9",
      "resolved": "https://registry.npmjs.org/magic-string/-/magic-string-0.30.9.tgz",
      "integrity": "sha512-S1+hd+dIrC8EZqKyT9DstTH/0Z+f76kmmvZnkfQVmOpDEF9iVgdYif3Q/pIWHmCoo59bQVGW0kVL3e2nl+9+Sw==",
      "dependencies": {
        "@jridgewell/sourcemap-codec": "^1.4.15"
      },
      "engines": {
        "node": ">=12"
      }
    },
    "node_modules/minimatch": {
      "version": "9.0.4",
      "resolved": "https://registry.npmjs.org/minimatch/-/minimatch-9.0.4.tgz",
      "integrity": "sha512-KqWh+VchfxcMNRAJjj2tnsSJdNbHsVgnkBhTNrW7AjVo6OvLtxw8zfT9oLw1JSohlFzJ8jCoTgaoXvJ+kHt6fw==",
      "dependencies": {
        "brace-expansion": "^2.0.1"
      },
      "engines": {
        "node": ">=16 || 14 >=14.17"
      },
      "funding": {
        "url": "https://github.com/sponsors/isaacs"
      }
    },
    "node_modules/muggle-string": {
      "version": "0.4.1",
      "resolved": "https://registry.npmjs.org/muggle-string/-/muggle-string-0.4.1.tgz",
      "integrity": "sha512-VNTrAak/KhO2i8dqqnqnAHOa3cYBwXEZe9h+D5h/1ZqFSTEFHdM65lR7RoIqq3tBBYavsOXV84NoHXZ0AkPyqQ=="
    },
    "node_modules/nanoid": {
      "version": "3.3.7",
      "resolved": "https://registry.npmjs.org/nanoid/-/nanoid-3.3.7.tgz",
      "integrity": "sha512-eSRppjcPIatRIMC1U6UngP8XFcz8MQWGQdt1MTBQ7NaAmvXDfvNxbvWV3x2y6CdEUciCSsDHDQZbhYaB8QEo2g==",
      "funding": [
        {
          "type": "github",
          "url": "https://github.com/sponsors/ai"
        }
      ],
      "bin": {
        "nanoid": "bin/nanoid.cjs"
      },
      "engines": {
        "node": "^10 || ^12 || ^13.7 || ^14 || >=15.0.1"
      }
    },
    "node_modules/path-browserify": {
      "version": "1.0.1",
      "resolved": "https://registry.npmjs.org/path-browserify/-/path-browserify-1.0.1.tgz",
      "integrity": "sha512-b7uo2UCUOYZcnF/3ID0lulOJi/bafxa1xPe7ZPsammBSpjSWQkjNxlt635YGS2MiR9GjvuXCtz2emr3jbsz98g=="
    },
    "node_modules/picocolors": {
      "version": "1.0.0",
      "resolved": "https://registry.npmjs.org/picocolors/-/picocolors-1.0.0.tgz",
      "integrity": "sha512-1fygroTLlHu66zi26VoTDv8yRgm0Fccecssto+MhsZ0D/DGW2sm8E8AjW7NU5VVTRt5GxbeZ5qBuJr+HyLYkjQ=="
    },
    "node_modules/postcss": {
      "version": "8.4.38",
      "resolved": "https://registry.npmjs.org/postcss/-/postcss-8.4.38.tgz",
      "integrity": "sha512-Wglpdk03BSfXkHoQa3b/oulrotAkwrlLDRSOb9D0bN86FdRyE9lppSp33aHNPgBa0JKCoB+drFLZkQoRRYae5A==",
      "funding": [
        {
          "type": "opencollective",
          "url": "https://opencollective.com/postcss/"
        },
        {
          "type": "tidelift",
          "url": "https://tidelift.com/funding/github/npm/postcss"
        },
        {
          "type": "github",
          "url": "https://github.com/sponsors/ai"
        }
      ],
      "dependencies": {
        "nanoid": "^3.3.7",
        "picocolors": "^1.0.0",
        "source-map-js": "^1.2.0"
      },
      "engines": {
        "node": "^10 || ^12 || >=14"
      }
    },
    "node_modules/semver": {
      "version": "7.5.4",
      "resolved": "https://registry.npmjs.org/semver/-/semver-7.5.4.tgz",
      "integrity": "sha512-1bCSESV6Pv+i21Hvpxp3Dx+pSD8lIPt8uVjRrxAUt/nbswYc+tK6Y2btiULjd4+fnq15PX+nqQDC7Oft7WkwcA==",
      "dependencies": {
        "lru-cache": "^6.0.0"
      },
      "bin": {
        "semver": "bin/semver.js"
      },
      "engines": {
        "node": ">=10"
      }
    },
    "node_modules/source-map-js": {
      "version": "1.2.0",
      "resolved": "https://registry.npmjs.org/source-map-js/-/source-map-js-1.2.0.tgz",
      "integrity": "sha512-itJW8lvSA0TXEphiRoawsCksnlf8SyvmFzIhltqAHluXd88pkCd+cXJVHTDwdCr0IzwptSm035IHQktUu1QUMg==",
      "engines": {
        "node": ">=0.10.0"
      }
    },
    "node_modules/typescript": {
      "version": "5.4.4",
      "resolved": "https://registry.npmjs.org/typescript/-/typescript-5.4.4.tgz",
      "integrity": "sha512-dGE2Vv8cpVvw28v8HCPqyb08EzbBURxDpuhJvTrusShUfGnhHBafDsLdS1EhhxyL6BJQE+2cT3dDPAv+MQ6oLw==",
      "bin": {
        "tsc": "bin/tsc",
        "tsserver": "bin/tsserver"
      },
      "engines": {
        "node": ">=14.17"
      }
    },
    "node_modules/vue": {
      "version": "3.4.21",
      "resolved": "https://registry.npmjs.org/vue/-/vue-3.4.21.tgz",
      "integrity": "sha512-5hjyV/jLEIKD/jYl4cavMcnzKwjMKohureP8ejn3hhEjwhWIhWeuzL2kJAjzl/WyVsgPY56Sy4Z40C3lVshxXA==",
      "dependencies": {
        "@vue/compiler-dom": "3.4.21",
        "@vue/compiler-sfc": "3.4.21",
        "@vue/runtime-dom": "3.4.21",
        "@vue/server-renderer": "3.4.21",
        "@vue/shared": "3.4.21"
      },
      "peerDependencies": {
        "typescript": "*"
      },
      "peerDependenciesMeta": {
        "typescript": {
          "optional": true
        }
      }
    },
    "node_modules/vue-template-compiler": {
      "version": "2.7.16",
      "resolved": "https://registry.npmjs.org/vue-template-compiler/-/vue-template-compiler-2.7.16.tgz",
      "integrity": "sha512-AYbUWAJHLGGQM7+cNTELw+KsOG9nl2CnSv467WobS5Cv9uk3wFcnr1Etsz2sEIHEZvw1U+o9mRlEO6QbZvUPGQ==",
      "dependencies": {
        "de-indent": "^1.0.2",
        "he": "^1.2.0"
      }
    },
    "node_modules/vue-tsc": {
      "version": "2.0.11",
      "resolved": "https://registry.npmjs.org/vue-tsc/-/vue-tsc-2.0.11.tgz",
      "integrity": "sha512-dl5MEU4VGZdQFGBnKfPpAfV3SQmBDWs9o4YhUPvDmwk+zmb/RprzFJK2sagR6EWazogZhXENvykd3wBXWS9kng==",
      "dependencies": {
        "@volar/typescript": "~2.2.0-alpha.6",
        "@vue/language-core": "2.0.11",
        "semver": "^7.5.4"
      },
      "bin": {
        "vue-tsc": "bin/vue-tsc.js"
      },
      "peerDependencies": {
        "typescript": "*"
      }
    },
    "node_modules/yallist": {
      "version": "4.0.0",
      "resolved": "https://registry.npmjs.org/yallist/-/yallist-4.0.0.tgz",
      "integrity": "sha512-3wdGidZyq5PB084XLES5TpOSRA3wjXAlIWMhum2kRcv/41Sn2emQ0dycQW4uZXLejwKvg6EsvbdlVL+FYEct7A=="
    }
  },
  "dependencies": {
    "@babel/parser": {
      "version": "7.24.4",
      "resolved": "https://registry.npmjs.org/@babel/parser/-/parser-7.24.4.tgz",
      "integrity": "sha512-zTvEBcghmeBma9QIGunWevvBAp4/Qu9Bdq+2k0Ot4fVMD6v3dsC9WOcRSKk7tRRyBM/53yKMJko9xOatGQAwSg=="
    },
    "@jridgewell/sourcemap-codec": {
      "version": "1.4.15",
      "resolved": "https://registry.npmjs.org/@jridgewell/sourcemap-codec/-/sourcemap-codec-1.4.15.tgz",
      "integrity": "sha512-eF2rxCRulEKXHTRiDrDy6erMYWqNw4LPdQ8UQA4huuxaQsVeRPFl2oM8oDGxMFhJUWZf9McpLtJasDDZb/Bpeg=="
    },
    "@volar/language-core": {
      "version": "2.2.0-alpha.6",
      "resolved": "https://registry.npmjs.org/@volar/language-core/-/language-core-2.2.0-alpha.6.tgz",
      "integrity": "sha512-GmT28LX2w4x82uuQqNN/P94VOCsZRHBbGcGe+5bFtA2hbIbH6f8tFdMfgXFtyhbft/pj6f3xl37xe+t+nomLIA==",
      "requires": {
        "@volar/source-map": "2.2.0-alpha.6"
      }
    },
    "@volar/source-map": {
      "version": "2.2.0-alpha.6",
      "resolved": "https://registry.npmjs.org/@volar/source-map/-/source-map-2.2.0-alpha.6.tgz",
      "integrity": "sha512-EztD2zoUopETY+ZCUZAGUHKgj4gOkY/2WnaOS+RSTc56xm85miSA4qOBS8Lt1Ruu5vV52WIZKHW/R9PbjkZWFA==",
      "requires": {
        "muggle-string": "^0.4.0"
      }
    },
    "@volar/typescript": {
      "version": "2.2.0-alpha.6",
      "resolved": "https://registry.npmjs.org/@volar/typescript/-/typescript-2.2.0-alpha.6.tgz",
      "integrity": "sha512-wTr0jO3wVXQ9FjBbWE2iX8GgDoiHp1Nttsb+tKk5IeUUb6f1uOjyeIXuS4KfeMBpCufthRO2st2O2uatAs/UXQ==",
      "requires": {
        "@volar/language-core": "2.2.0-alpha.6",
        "path-browserify": "^1.0.1"
      }
    },
    "@vue/compiler-core": {
      "version": "3.4.21",
      "resolved": "https://registry.npmjs.org/@vue/compiler-core/-/compiler-core-3.4.21.tgz",
      "integrity": "sha512-MjXawxZf2SbZszLPYxaFCjxfibYrzr3eYbKxwpLR9EQN+oaziSu3qKVbwBERj1IFIB8OLUewxB5m/BFzi613og==",
      "requires": {
        "@babel/parser": "^7.23.9",
        "@vue/shared": "3.4.21",
        "entities": "^4.5.0",
        "estree-walker": "^2.0.2",
        "source-map-js": "^1.0.2"
      }
    },
    "@vue/compiler-dom": {
      "version": "3.4.21",
      "resolved": "https://registry.npmjs.org/@vue/compiler-dom/-/compiler-dom-3.4.21.tgz",
      "integrity": "sha512-IZC6FKowtT1sl0CR5DpXSiEB5ayw75oT2bma1BEhV7RRR1+cfwLrxc2Z8Zq/RGFzJ8w5r9QtCOvTjQgdn0IKmA==",
      "requires": {
        "@vue/compiler-core": "3.4.21",
        "@vue/shared": "3.4.21"
      }
    },
    "@vue/compiler-sfc": {
      "version": "3.4.21",
      "resolved": "https://registry.npmjs.org/@vue/compiler-sfc/-/compiler-sfc-3.4.21.tgz",
      "integrity": "sha512-me7epoTxYlY+2CUM7hy9PCDdpMPfIwrOvAXud2Upk10g4YLv9UBW7kL798TvMeDhPthkZ0CONNrK2GoeI1ODiQ==",
      "requires": {
        "@babel/parser": "^7.23.9",
        "@vue/compiler-core": "3.4.21",
        "@vue/compiler-dom": "3.4.21",
        "@vue/compiler-ssr": "3.4.21",
        "@vue/shared": "3.4.21",
        "estree-walker": "^2.0.2",
        "magic-string": "^0.30.7",
        "postcss": "^8.4.35",
        "source-map-js": "^1.0.2"
      }
    },
    "@vue/compiler-ssr": {
      "version": "3.4.21",
      "resolved": "https://registry.npmjs.org/@vue/compiler-ssr/-/compiler-ssr-3.4.21.tgz",
      "integrity": "sha512-M5+9nI2lPpAsgXOGQobnIueVqc9sisBFexh5yMIMRAPYLa7+5wEJs8iqOZc1WAa9WQbx9GR2twgznU8LTIiZ4Q==",
      "requires": {
        "@vue/compiler-dom": "3.4.21",
        "@vue/shared": "3.4.21"
      }
    },
    "@vue/language-core": {
      "version": "2.0.11",
      "resolved": "https://registry.npmjs.org/@vue/language-core/-/language-core-2.0.11.tgz",
      "integrity": "sha512-5ivg8Vem/yckzXI3L3n0mdKBPRcHSlsGt6/dpbEx42PcH3MIHAjSAJBYvENXeWJxv2ClQc8BS2mH1Ho2U7jZig==",
      "requires": {
        "@volar/language-core": "~2.2.0-alpha.6",
        "@vue/compiler-dom": "^3.4.0",
        "@vue/shared": "^3.4.0",
        "computeds": "^0.0.1",
        "minimatch": "^9.0.3",
        "path-browserify": "^1.0.1",
        "vue-template-compiler": "^2.7.14"
      }
    },
    "@vue/reactivity": {
      "version": "3.4.21",
      "resolved": "https://registry.npmjs.org/@vue/reactivity/-/reactivity-3.4.21.tgz",
      "integrity": "sha512-UhenImdc0L0/4ahGCyEzc/pZNwVgcglGy9HVzJ1Bq2Mm9qXOpP8RyNTjookw/gOCUlXSEtuZ2fUg5nrHcoqJcw==",
      "requires": {
        "@vue/shared": "3.4.21"
      }
    },
    "@vue/runtime-core": {
      "version": "3.4.21",
      "resolved": "https://registry.npmjs.org/@vue/runtime-core/-/runtime-core-3.4.21.tgz",
      "integrity": "sha512-pQthsuYzE1XcGZznTKn73G0s14eCJcjaLvp3/DKeYWoFacD9glJoqlNBxt3W2c5S40t6CCcpPf+jG01N3ULyrA==",
      "requires": {
        "@vue/reactivity": "3.4.21",
        "@vue/shared": "3.4.21"
      }
    },
    "@vue/runtime-dom": {
      "version": "3.4.21",
      "resolved": "https://registry.npmjs.org/@vue/runtime-dom/-/runtime-dom-3.4.21.tgz",
      "integrity": "sha512-gvf+C9cFpevsQxbkRBS1NpU8CqxKw0ebqMvLwcGQrNpx6gqRDodqKqA+A2VZZpQ9RpK2f9yfg8VbW/EpdFUOJw==",
      "requires": {
        "@vue/runtime-core": "3.4.21",
        "@vue/shared": "3.4.21",
        "csstype": "^3.1.3"
      }
    },
    "@vue/server-renderer": {
      "version": "3.4.21",
      "resolved": "https://registry.npmjs.org/@vue/server-renderer/-/server-renderer-3.4.21.tgz",
      "integrity": "sha512-aV1gXyKSN6Rz+6kZ6kr5+Ll14YzmIbeuWe7ryJl5muJ4uwSwY/aStXTixx76TwkZFJLm1aAlA/HSWEJ4EyiMkg==",
      "requires": {
        "@vue/compiler-ssr": "3.4.21",
        "@vue/shared": "3.4.21"
      }
    },
    "@vue/shared": {
      "version": "3.4.21",
      "resolved": "https://registry.npmjs.org/@vue/shared/-/shared-3.4.21.tgz",
      "integrity": "sha512-PuJe7vDIi6VYSinuEbUIQgMIRZGgM8e4R+G+/dQTk0X1NEdvgvvgv7m+rfmDH1gZzyA1OjjoWskvHlfRNfQf3g=="
    },
    "balanced-match": {
      "version": "1.0.2",
      "resolved": "https://registry.npmjs.org/balanced-match/-/balanced-match-1.0.2.tgz",
      "integrity": "sha512-3oSeUO0TMV67hN1AmbXsK4yaqU7tjiHlbxRDZOpH0KW9+CeX4bRAaX0Anxt0tx2MrpRpWwQaPwIlISEJhYU5Pw=="
    },
    "brace-expansion": {
      "version": "2.0.1",
      "resolved": "https://registry.npmjs.org/brace-expansion/-/brace-expansion-2.0.1.tgz",
      "integrity": "sha512-XnAIvQ8eM+kC6aULx6wuQiwVsnzsi9d3WxzV3FpWTGA19F621kwdbsAcFKXgKUHZWsy+mY6iL1sHTxWEFCytDA==",
      "requires": {
        "balanced-match": "^1.0.0"
      }
    },
    "computeds": {
      "version": "0.0.1",
      "resolved": "https://registry.npmjs.org/computeds/-/computeds-0.0.1.tgz",
      "integrity": "sha512-7CEBgcMjVmitjYo5q8JTJVra6X5mQ20uTThdK+0kR7UEaDrAWEQcRiBtWJzga4eRpP6afNwwLsX2SET2JhVB1Q=="
    },
    "csstype": {
      "version": "3.1.3",
      "resolved": "https://registry.npmjs.org/csstype/-/csstype-3.1.3.tgz",
      "integrity": "sha512-M1uQkMl8rQK/szD0LNhtqxIPLpimGm8sOBwU7lLnCpSbTyY3yeU1Vc7l4KT5zT4s/yOxHH5O7tIuuLOCnLADRw=="
    },
    "de-indent": {
      "version": "1.0.2",
      "resolved": "https://registry.npmjs.org/de-indent/-/de-indent-1.0.2.tgz",
      "integrity": "sha512-e/1zu3xH5MQryN2zdVaF0OrdNLUbvWxzMbi+iNA6Bky7l1RoP8a2fIbRocyHclXt/arDrrR6lL3TqFD9pMQTsg=="
    },
    "entities": {
      "version": "4.5.0",
      "resolved": "https://registry.npmjs.org/entities/-/entities-4.5.0.tgz",
      "integrity": "sha512-V0hjH4dGPh9Ao5p0MoRY6BVqtwCjhz6vI5LT8AJ55H+4g9/4vbHx1I54fS0XuclLhDHArPQCiMjDxjaL8fPxhw=="
    },
    "estree-walker": {
      "version": "2.0.2",
      "resolved": "https://registry.npmjs.org/estree-walker/-/estree-walker-2.0.2.tgz",
      "integrity": "sha512-Rfkk/Mp/DL7JVje3u18FxFujQlTNR2q6QfMSMB7AvCBx91NGj/ba3kCfza0f6dVDbw7YlRf/nDrn7pQrCCyQ/w=="
    },
    "he": {
      "version": "1.2.0",
      "resolved": "https://registry.npmjs.org/he/-/he-1.2.0.tgz",
      "integrity": "sha512-F/1DnUGPopORZi0ni+CvrCgHQ5FyEAHRLSApuYWMmrbSwoN2Mn/7k+Gl38gJnR7yyDZk6WLXwiGod1JOWNDKGw=="
    },
    "lru-cache": {
      "version": "6.0.0",
      "resolved": "https://registry.npmjs.org/lru-cache/-/lru-cache-6.0.0.tgz",
      "integrity": "sha512-Jo6dJ04CmSjuznwJSS3pUeWmd/H0ffTlkXXgwZi+eq1UCmqQwCh+eLsYOYCwY991i2Fah4h1BEMCx4qThGbsiA==",
      "requires": {
        "yallist": "^4.0.0"
      }
    },
    "magic-string": {
      "version": "0.30.9",
      "resolved": "https://registry.npmjs.org/magic-string/-/magic-string-0.30.9.tgz",
      "integrity": "sha512-S1+hd+dIrC8EZqKyT9DstTH/0Z+f76kmmvZnkfQVmOpDEF9iVgdYif3Q/pIWHmCoo59bQVGW0kVL3e2nl+9+Sw==",
      "requires": {
        "@jridgewell/sourcemap-codec": "^1.4.15"
      }
    },
    "minimatch": {
      "version": "9.0.4",
      "resolved": "https://registry.npmjs.org/minimatch/-/minimatch-9.0.4.tgz",
      "integrity": "sha512-KqWh+VchfxcMNRAJjj2tnsSJdNbHsVgnkBhTNrW7AjVo6OvLtxw8zfT9oLw1JSohlFzJ8jCoTgaoXvJ+kHt6fw==",
      "requires": {
        "brace-expansion": "^2.0.1"
      }
    },
    "muggle-string": {
      "version": "0.4.1",
      "resolved": "https://registry.npmjs.org/muggle-string/-/muggle-string-0.4.1.tgz",
      "integrity": "sha512-VNTrAak/KhO2i8dqqnqnAHOa3cYBwXEZe9h+D5h/1ZqFSTEFHdM65lR7RoIqq3tBBYavsOXV84NoHXZ0AkPyqQ=="
    },
    "nanoid": {
      "version": "3.3.7",
      "resolved": "https://registry.npmjs.org/nanoid/-/nanoid-3.3.7.tgz",
      "integrity": "sha512-eSRppjcPIatRIMC1U6UngP8XFcz8MQWGQdt1MTBQ7NaAmvXDfvNxbvWV3x2y6CdEUciCSsDHDQZbhYaB8QEo2g=="
    },
    "path-browserify": {
      "version": "1.0.1",
      "resolved": "https://registry.npmjs.org/path-browserify/-/path-browserify-1.0.1.tgz",
      "integrity": "sha512-b7uo2UCUOYZcnF/3ID0lulOJi/bafxa1xPe7ZPsammBSpjSWQkjNxlt635YGS2MiR9GjvuXCtz2emr3jbsz98g=="
    },
    "picocolors": {
      "version": "1.0.0",
      "resolved": "https://registry.npmjs.org/picocolors/-/picocolors-1.0.0.tgz",
      "integrity": "sha512-1fygroTLlHu66zi26VoTDv8yRgm0Fccecssto+MhsZ0D/DGW2sm8E8AjW7NU5VVTRt5GxbeZ5qBuJr+HyLYkjQ=="
    },
    "postcss": {
      "version": "8.4.38",
      "resolved": "https://registry.npmjs.org/postcss/-/postcss-8.4.38.tgz",
      "integrity": "sha512-Wglpdk03BSfXkHoQa3b/oulrotAkwrlLDRSOb9D0bN86FdRyE9lppSp33aHNPgBa0JKCoB+drFLZkQoRRYae5A==",
      "requires": {
        "nanoid": "^3.3.7",
        "picocolors": "^1.0.0",
        "source-map-js": "^1.2.0"
      }
    },
    "semver": {
      "version": "7.5.4",
      "resolved": "https://registry.npmjs.org/semver/-/semver-7.5.4.tgz",
      "integrity": "sha512-1bCSESV6Pv+i21Hvpxp3Dx+pSD8lIPt8uVjRrxAUt/nbswYc+tK6Y2btiULjd4+fnq15PX+nqQDC7Oft7WkwcA==",
      "requires": {
        "lru-cache": "^6.0.0"
      }
    },
    "source-map-js": {
      "version": "1.2.0",
      "resolved": "https://registry.npmjs.org/source-map-js/-/source-map-js-1.2.0.tgz",
      "integrity": "sha512-itJW8lvSA0TXEphiRoawsCksnlf8SyvmFzIhltqAHluXd88pkCd+cXJVHTDwdCr0IzwptSm035IHQktUu1QUMg=="
    },
    "typescript": {
      "version": "5.4.4",
      "resolved": "https://registry.npmjs.org/typescript/-/typescript-5.4.4.tgz",
      "integrity": "sha512-dGE2Vv8cpVvw28v8HCPqyb08EzbBURxDpuhJvTrusShUfGnhHBafDsLdS1EhhxyL6BJQE+2cT3dDPAv+MQ6oLw=="
    },
    "vue": {
      "version": "3.4.21",
      "resolved": "https://registry.npmjs.org/vue/-/vue-3.4.21.tgz",
      "integrity": "sha512-5hjyV/jLEIKD/jYl4cavMcnzKwjMKohureP8ejn3hhEjwhWIhWeuzL2kJAjzl/WyVsgPY56Sy4Z40C3lVshxXA==",
      "requires": {
        "@vue/compiler-dom": "3.4.21",
        "@vue/compiler-sfc": "3.4.21",
        "@vue/runtime-dom": "3.4.21",
        "@vue/server-renderer": "3.4.21",
        "@vue/shared": "3.4.21"
      }
    },
    "vue-template-compiler": {
      "version": "2.7.16",
      "resolved": "https://registry.npmjs.org/vue-template-compiler/-/vue-template-compiler-2.7.16.tgz",
      "integrity": "sha512-AYbUWAJHLGGQM7+cNTELw+KsOG9nl2CnSv467WobS5Cv9uk3wFcnr1Etsz2sEIHEZvw1U+o9mRlEO6QbZvUPGQ==",
      "requires": {
        "de-indent": "^1.0.2",
        "he": "^1.2.0"
      }
    },
    "vue-tsc": {
      "version": "2.0.11",
      "resolved": "https://registry.npmjs.org/vue-tsc/-/vue-tsc-2.0.11.tgz",
      "integrity": "sha512-dl5MEU4VGZdQFGBnKfPpAfV3SQmBDWs9o4YhUPvDmwk+zmb/RprzFJK2sagR6EWazogZhXENvykd3wBXWS9kng==",
      "requires": {
        "@volar/typescript": "~2.2.0-alpha.6",
        "@vue/language-core": "2.0.11",
        "semver": "^7.5.4"
      }
    },
    "yallist": {
      "version": "4.0.0",
      "resolved": "https://registry.npmjs.org/yallist/-/yallist-4.0.0.tgz",
      "integrity": "sha512-3wdGidZyq5PB084XLES5TpOSRA3wjXAlIWMhum2kRcv/41Sn2emQ0dycQW4uZXLejwKvg6EsvbdlVL+FYEct7A=="
    }
  }
}
